
Microsoft Visual Studio Solution File, Format Version 12.00
# Visual Studio 15
VisualStudioVersion = 15.0.27130.2024
MinimumVisualStudioVersion = 10.0.40219.1
Project("{FAE04EC0-301F-11D3-BF4B-00C04F79EFBC}") = "Practice", "Practice\Practice.csproj", "{94DB9C6C-2E3E-46BF-A296-DF66F8D8EA3E}"
EndProject
Project("{2150E333-8FDC-42A3-9474-1A3956D46DE8}") = "Warmup", "Warmup", "{FF2AA354-A281-404B-B938-EADB29544401}"
EndProject
Project("{2150E333-8FDC-42A3-9474-1A3956D46DE8}") = "Algorithms", "Algorithms", "{CEAEF12D-F31D-40CF-B385-AE58E3A2D07F}"
EndProject
Project("{2150E333-8FDC-42A3-9474-1A3956D46DE8}") = "Implementation", "Implementation", "{862A507A-6496-43F5-BF1A-FA7671F9BBDB}"
EndProject
Project("{FAE04EC0-301F-11D3-BF4B-00C04F79EFBC}") = "Encryption", "Algorithms\Implementation\Encryption\Encryption.csproj", "{E7248E81-7F2E-413D-98E8-7D5F0F772368}"
EndProject
Project("{FAE04EC0-301F-11D3-BF4B-00C04F79EFBC}") = "Min-Max-Sum", "Warmup\Min-Max-Sum\Min-Max-Sum.csproj", "{D0037764-73CD-4D3C-AD71-E1719554DC8E}"
EndProject
Project("{FAE04EC0-301F-11D3-BF4B-00C04F79EFBC}") = "SherlockAndArray", "Search\SherlockAndArray\SherlockAndArray.csproj", "{18F47CA1-64D3-4888-A917-AC9DEE92EE0E}"
EndProject
Project("{2150E333-8FDC-42A3-9474-1A3956D46DE8}") = "Search", "Search", "{7FFB4B13-FD3A-4D51-ADC3-7A0DD4836FB2}"
EndProject
Project("{2150E333-8FDC-42A3-9474-1A3956D46DE8}") = "BitManipulation", "BitManipulation", "{C17E2368-558F-4BA8-8ED9-6B7C10D85C56}"
EndProject
Project("{FAE04EC0-301F-11D3-BF4B-00C04F79EFBC}") = "BitManipulation", "BitManipulation\BitManipulation\BitManipulation.csproj", "{07FC106C-E3C2-4E7B-9983-235081649CB7}"
EndProject
Project("{FAE04EC0-301F-11D3-BF4B-00C04F79EFBC}") = "LarryArray", "Algorithms\Implementation\LarryArray\LarryArray.csproj", "{6BEC1E30-E794-4E9F-AAC3-0234CF5ACF77}"
EndProject
Project("{FAE04EC0-301F-11D3-BF4B-00C04F79EFBC}") = "BirthdayCakeCandles", "Warmup\BirthdayCakeCandles\BirthdayCakeCandles.csproj", "{F78BC070-981E-48FB-8223-F0F6F31AD14F}"
EndProject
Project("{FAE04EC0-301F-11D3-BF4B-00C04F79EFBC}") = "TimeConversion", "Warmup\TimeConversion\TimeConversion.csproj", "{D953F7E3-A062-4C3B-9E86-58237FA5A58E}"
EndProject
Project("{FAE04EC0-301F-11D3-BF4B-00C04F79EFBC}") = "Pairs", "Search\Pairs\Pairs.csproj", "{E20EA697-5FDC-4017-90C3-1E6BD1493941}"
EndProject
Project("{FAE04EC0-301F-11D3-BF4B-00C04F79EFBC}") = "IceCreamParlor", "Search\IceCreamParlor\IceCreamParlor.csproj", "{426D1A86-3155-48BC-8987-5D21997C1B6D}"
EndProject
Project("{FAE04EC0-301F-11D3-BF4B-00C04F79EFBC}") = "StrangeCounter", "Algorithms\Implementation\StrangeCounter\StrangeCounter.csproj", "{5DDC63B0-80D7-490C-9E76-5C74AC14651B}"
EndProject
Project("{FAE04EC0-301F-11D3-BF4B-00C04F79EFBC}") = "GradingStudents", "Algorithms\Implementation\GradingStudents\GradingStudents.csproj", "{C32CDC06-91D3-4946-8D27-C874FBB000A9}"
EndProject
Project("{FAE04EC0-301F-11D3-BF4B-00C04F79EFBC}") = "FairRations", "Algorithms\Implementation\FairRations\FairRations.csproj", "{8D724ACE-F675-4D9F-AD22-B149BFB9A05B}"
EndProject
Project("{FAE04EC0-301F-11D3-BF4B-00C04F79EFBC}") = "LonelyInteger", "BitManipulation\LonelyInteger\LonelyInteger.csproj", "{C8B01FCC-21E8-4B38-A21F-AA1E1CB96420}"
EndProject
Project("{FAE04EC0-301F-11D3-BF4B-00C04F79EFBC}") = "MaximizingXOR", "BitManipulation\MaximizingXOR\MaximizingXOR.csproj", "{C6CDE228-416A-47D9-9794-84E8559D1693}"
EndProject
Project("{FAE04EC0-301F-11D3-BF4B-00C04F79EFBC}") = "MissingNumbers", "Search\MissingNumbers\MissingNumbers.csproj", "{B10D7F47-7C3A-482D-8FF3-AEAE67F29A34}"
EndProject
Project("{FAE04EC0-301F-11D3-BF4B-00C04F79EFBC}") = "BeautifulDaysMovies", "Algorithms\Implementation\BeautifulDaysMovies\BeautifulDaysMovies.csproj", "{AAAEAA46-177C-4682-983C-5FEDBEDA586D}"
EndProject
Project("{FAE04EC0-301F-11D3-BF4B-00C04F79EFBC}") = "BeautifulTriplets", "Algorithms\Implementation\BeautifulTriplets\BeautifulTriplets.csproj", "{35DE6C32-E1E2-46E1-8135-777413F9CFB0}"
EndProject
Project("{FAE04EC0-301F-11D3-BF4B-00C04F79EFBC}") = "ViralAdvertising", "Algorithms\Implementation\ViralAdvertising\ViralAdvertising.csproj", "{A12239E7-D19B-433F-BB2E-C9118A9B9704}"
EndProject
Project("{2150E333-8FDC-42A3-9474-1A3956D46DE8}") = "10DaysStatistics", "10DaysStatistics", "{794BF759-63B6-4C07-A32D-1B67B14D9114}"
EndProject
Project("{2150E333-8FDC-42A3-9474-1A3956D46DE8}") = "Day0", "Day0", "{EED336D5-BAF3-41C7-8B92-E63E1C346F84}"
EndProject
Project("{FAE04EC0-301F-11D3-BF4B-00C04F79EFBC}") = "MeanMedianMode", "10DaysStatistics\Day0\MeanMedianMode\MeanMedianMode.csproj", "{533ACD48-52A4-4EFF-9922-DC7130CD2BB2}"
EndProject
Project("{FAE04EC0-301F-11D3-BF4B-00C04F79EFBC}") = "Kangaroo", "Algorithms\Implementation\Kangaroo\Kangaroo.csproj", "{6E59B192-5C40-4B97-BE44-A55B4701BAB7}"
EndProject
Project("{FAE04EC0-301F-11D3-BF4B-00C04F79EFBC}") = "AppleOrange", "Algorithms\Implementation\AppleOrange\AppleOrange.csproj", "{2D48F469-226A-4058-B5AC-6D46D57A0AA7}"
EndProject
Project("{2150E333-8FDC-42A3-9474-1A3956D46DE8}") = "String", "String", "{62DB01E7-DC85-4FCF-A343-0E87818E17E2}"
EndProject
Project("{FAE04EC0-301F-11D3-BF4B-00C04F79EFBC}") = "SuperReducedString", "Algorithms\String\SuperReducedString\SuperReducedString.csproj", "{9925CC8A-188A-4485-9360-04CB0AA47FC2}"
EndProject
Project("{FAE04EC0-301F-11D3-BF4B-00C04F79EFBC}") = "StringConstruction", "Algorithms\String\StringConstruction\StringConstruction.csproj", "{EEFAF001-7D26-4E5A-B055-D5978C9B7F9C}"
EndProject
Project("{FAE04EC0-301F-11D3-BF4B-00C04F79EFBC}") = "CamelCase", "Algorithms\String\CamelCase\CamelCase.csproj", "{3D87F9EC-3EC5-488D-928C-D3C37575927C}"
EndProject
Project("{FAE04EC0-301F-11D3-BF4B-00C04F79EFBC}") = "SockMerchant", "InterviewPreparationKit\WarmupChallenges\SockMerchant\SockMerchant.csproj", "{5E8C6BDC-9885-4C80-8B36-B382850DB9EE}"
EndProject
Project("{2150E333-8FDC-42A3-9474-1A3956D46DE8}") = "InterviewPreparationKit", "InterviewPreparationKit", "{DCF0871E-454F-4FA7-BF1C-531B9663BEBE}"
EndProject
Project("{2150E333-8FDC-42A3-9474-1A3956D46DE8}") = "WarmupChallenges", "WarmupChallenges", "{924D8105-A8A6-4FCF-9FBB-F02F1308D6FB}"
EndProject
Project("{2150E333-8FDC-42A3-9474-1A3956D46DE8}") = "Arrays", "Arrays", "{9762A1D8-0D9B-411D-99C3-0AFEF38E7FAF}"
EndProject
Project("{FAE04EC0-301F-11D3-BF4B-00C04F79EFBC}") = "CountingValleys", "InterviewPreparationKit\WarmupChallenges\CountingValleys\CountingValleys.csproj", "{368FE970-7670-4C34-AD91-36F15A5C426F}"
EndProject
Project("{FAE04EC0-301F-11D3-BF4B-00C04F79EFBC}") = "JumpingClouds", "JumpingClouds\JumpingClouds.csproj", "{E2873AB8-4AF2-44A2-AABE-DE8753596DC4}"
EndProject
Project("{FAE04EC0-301F-11D3-BF4B-00C04F79EFBC}") = "RepeatedString", "RepeatedString\RepeatedString.csproj", "{78D2F7A0-E5E2-4890-990D-E369C7A0CE19}"
EndProject
Project("{FAE04EC0-301F-11D3-BF4B-00C04F79EFBC}") = "2DArrayDS", "InterviewPreparationKit\Arrays\2DArrayDS\2DArrayDS.csproj", "{3AED9A5D-070D-47CC-BF71-324B7A2B8392}"
EndProject
Global
	GlobalSection(SolutionConfigurationPlatforms) = preSolution
		Debug|Any CPU = Debug|Any CPU
		Release|Any CPU = Release|Any CPU
	EndGlobalSection
	GlobalSection(ProjectConfigurationPlatforms) = postSolution
		{94DB9C6C-2E3E-46BF-A296-DF66F8D8EA3E}.Debug|Any CPU.ActiveCfg = Debug|Any CPU
		{94DB9C6C-2E3E-46BF-A296-DF66F8D8EA3E}.Debug|Any CPU.Build.0 = Debug|Any CPU
		{94DB9C6C-2E3E-46BF-A296-DF66F8D8EA3E}.Release|Any CPU.ActiveCfg = Release|Any CPU
		{94DB9C6C-2E3E-46BF-A296-DF66F8D8EA3E}.Release|Any CPU.Build.0 = Release|Any CPU
		{E7248E81-7F2E-413D-98E8-7D5F0F772368}.Debug|Any CPU.ActiveCfg = Debug|Any CPU
		{E7248E81-7F2E-413D-98E8-7D5F0F772368}.Debug|Any CPU.Build.0 = Debug|Any CPU
		{E7248E81-7F2E-413D-98E8-7D5F0F772368}.Release|Any CPU.ActiveCfg = Release|Any CPU
		{E7248E81-7F2E-413D-98E8-7D5F0F772368}.Release|Any CPU.Build.0 = Release|Any CPU
		{D0037764-73CD-4D3C-AD71-E1719554DC8E}.Debug|Any CPU.ActiveCfg = Debug|Any CPU
		{D0037764-73CD-4D3C-AD71-E1719554DC8E}.Debug|Any CPU.Build.0 = Debug|Any CPU
		{D0037764-73CD-4D3C-AD71-E1719554DC8E}.Release|Any CPU.ActiveCfg = Release|Any CPU
		{D0037764-73CD-4D3C-AD71-E1719554DC8E}.Release|Any CPU.Build.0 = Release|Any CPU
		{18F47CA1-64D3-4888-A917-AC9DEE92EE0E}.Debug|Any CPU.ActiveCfg = Debug|Any CPU
		{18F47CA1-64D3-4888-A917-AC9DEE92EE0E}.Debug|Any CPU.Build.0 = Debug|Any CPU
		{18F47CA1-64D3-4888-A917-AC9DEE92EE0E}.Release|Any CPU.ActiveCfg = Release|Any CPU
		{18F47CA1-64D3-4888-A917-AC9DEE92EE0E}.Release|Any CPU.Build.0 = Release|Any CPU
		{07FC106C-E3C2-4E7B-9983-235081649CB7}.Debug|Any CPU.ActiveCfg = Debug|Any CPU
		{07FC106C-E3C2-4E7B-9983-235081649CB7}.Debug|Any CPU.Build.0 = Debug|Any CPU
		{07FC106C-E3C2-4E7B-9983-235081649CB7}.Release|Any CPU.ActiveCfg = Release|Any CPU
		{07FC106C-E3C2-4E7B-9983-235081649CB7}.Release|Any CPU.Build.0 = Release|Any CPU
		{6BEC1E30-E794-4E9F-AAC3-0234CF5ACF77}.Debug|Any CPU.ActiveCfg = Debug|Any CPU
		{6BEC1E30-E794-4E9F-AAC3-0234CF5ACF77}.Debug|Any CPU.Build.0 = Debug|Any CPU
		{6BEC1E30-E794-4E9F-AAC3-0234CF5ACF77}.Release|Any CPU.ActiveCfg = Release|Any CPU
		{6BEC1E30-E794-4E9F-AAC3-0234CF5ACF77}.Release|Any CPU.Build.0 = Release|Any CPU
		{F78BC070-981E-48FB-8223-F0F6F31AD14F}.Debug|Any CPU.ActiveCfg = Debug|Any CPU
		{F78BC070-981E-48FB-8223-F0F6F31AD14F}.Debug|Any CPU.Build.0 = Debug|Any CPU
		{F78BC070-981E-48FB-8223-F0F6F31AD14F}.Release|Any CPU.ActiveCfg = Release|Any CPU
		{F78BC070-981E-48FB-8223-F0F6F31AD14F}.Release|Any CPU.Build.0 = Release|Any CPU
		{D953F7E3-A062-4C3B-9E86-58237FA5A58E}.Debug|Any CPU.ActiveCfg = Debug|Any CPU
		{D953F7E3-A062-4C3B-9E86-58237FA5A58E}.Debug|Any CPU.Build.0 = Debug|Any CPU
		{D953F7E3-A062-4C3B-9E86-58237FA5A58E}.Release|Any CPU.ActiveCfg = Release|Any CPU
		{D953F7E3-A062-4C3B-9E86-58237FA5A58E}.Release|Any CPU.Build.0 = Release|Any CPU
		{E20EA697-5FDC-4017-90C3-1E6BD1493941}.Debug|Any CPU.ActiveCfg = Debug|Any CPU
		{E20EA697-5FDC-4017-90C3-1E6BD1493941}.Debug|Any CPU.Build.0 = Debug|Any CPU
		{E20EA697-5FDC-4017-90C3-1E6BD1493941}.Release|Any CPU.ActiveCfg = Release|Any CPU
		{E20EA697-5FDC-4017-90C3-1E6BD1493941}.Release|Any CPU.Build.0 = Release|Any CPU
		{426D1A86-3155-48BC-8987-5D21997C1B6D}.Debug|Any CPU.ActiveCfg = Debug|Any CPU
		{426D1A86-3155-48BC-8987-5D21997C1B6D}.Debug|Any CPU.Build.0 = Debug|Any CPU
		{426D1A86-3155-48BC-8987-5D21997C1B6D}.Release|Any CPU.ActiveCfg = Release|Any CPU
		{426D1A86-3155-48BC-8987-5D21997C1B6D}.Release|Any CPU.Build.0 = Release|Any CPU
		{5DDC63B0-80D7-490C-9E76-5C74AC14651B}.Debug|Any CPU.ActiveCfg = Debug|Any CPU
		{5DDC63B0-80D7-490C-9E76-5C74AC14651B}.Debug|Any CPU.Build.0 = Debug|Any CPU
		{5DDC63B0-80D7-490C-9E76-5C74AC14651B}.Release|Any CPU.ActiveCfg = Release|Any CPU
		{5DDC63B0-80D7-490C-9E76-5C74AC14651B}.Release|Any CPU.Build.0 = Release|Any CPU
		{C32CDC06-91D3-4946-8D27-C874FBB000A9}.Debug|Any CPU.ActiveCfg = Debug|Any CPU
		{C32CDC06-91D3-4946-8D27-C874FBB000A9}.Debug|Any CPU.Build.0 = Debug|Any CPU
		{C32CDC06-91D3-4946-8D27-C874FBB000A9}.Release|Any CPU.ActiveCfg = Release|Any CPU
		{C32CDC06-91D3-4946-8D27-C874FBB000A9}.Release|Any CPU.Build.0 = Release|Any CPU
		{8D724ACE-F675-4D9F-AD22-B149BFB9A05B}.Debug|Any CPU.ActiveCfg = Debug|Any CPU
		{8D724ACE-F675-4D9F-AD22-B149BFB9A05B}.Debug|Any CPU.Build.0 = Debug|Any CPU
		{8D724ACE-F675-4D9F-AD22-B149BFB9A05B}.Release|Any CPU.ActiveCfg = Release|Any CPU
		{8D724ACE-F675-4D9F-AD22-B149BFB9A05B}.Release|Any CPU.Build.0 = Release|Any CPU
		{C8B01FCC-21E8-4B38-A21F-AA1E1CB96420}.Debug|Any CPU.ActiveCfg = Debug|Any CPU
		{C8B01FCC-21E8-4B38-A21F-AA1E1CB96420}.Debug|Any CPU.Build.0 = Debug|Any CPU
		{C8B01FCC-21E8-4B38-A21F-AA1E1CB96420}.Release|Any CPU.ActiveCfg = Release|Any CPU
		{C8B01FCC-21E8-4B38-A21F-AA1E1CB96420}.Release|Any CPU.Build.0 = Release|Any CPU
		{C6CDE228-416A-47D9-9794-84E8559D1693}.Debug|Any CPU.ActiveCfg = Debug|Any CPU
		{C6CDE228-416A-47D9-9794-84E8559D1693}.Debug|Any CPU.Build.0 = Debug|Any CPU
		{C6CDE228-416A-47D9-9794-84E8559D1693}.Release|Any CPU.ActiveCfg = Release|Any CPU
		{C6CDE228-416A-47D9-9794-84E8559D1693}.Release|Any CPU.Build.0 = Release|Any CPU
		{B10D7F47-7C3A-482D-8FF3-AEAE67F29A34}.Debug|Any CPU.ActiveCfg = Debug|Any CPU
		{B10D7F47-7C3A-482D-8FF3-AEAE67F29A34}.Debug|Any CPU.Build.0 = Debug|Any CPU
		{B10D7F47-7C3A-482D-8FF3-AEAE67F29A34}.Release|Any CPU.ActiveCfg = Release|Any CPU
		{B10D7F47-7C3A-482D-8FF3-AEAE67F29A34}.Release|Any CPU.Build.0 = Release|Any CPU
		{AAAEAA46-177C-4682-983C-5FEDBEDA586D}.Debug|Any CPU.ActiveCfg = Debug|Any CPU
		{AAAEAA46-177C-4682-983C-5FEDBEDA586D}.Debug|Any CPU.Build.0 = Debug|Any CPU
		{AAAEAA46-177C-4682-983C-5FEDBEDA586D}.Release|Any CPU.ActiveCfg = Release|Any CPU
		{AAAEAA46-177C-4682-983C-5FEDBEDA586D}.Release|Any CPU.Build.0 = Release|Any CPU
		{35DE6C32-E1E2-46E1-8135-777413F9CFB0}.Debug|Any CPU.ActiveCfg = Debug|Any CPU
		{35DE6C32-E1E2-46E1-8135-777413F9CFB0}.Debug|Any CPU.Build.0 = Debug|Any CPU
		{35DE6C32-E1E2-46E1-8135-777413F9CFB0}.Release|Any CPU.ActiveCfg = Release|Any CPU
		{35DE6C32-E1E2-46E1-8135-777413F9CFB0}.Release|Any CPU.Build.0 = Release|Any CPU
		{A12239E7-D19B-433F-BB2E-C9118A9B9704}.Debug|Any CPU.ActiveCfg = Debug|Any CPU
		{A12239E7-D19B-433F-BB2E-C9118A9B9704}.Debug|Any CPU.Build.0 = Debug|Any CPU
		{A12239E7-D19B-433F-BB2E-C9118A9B9704}.Release|Any CPU.ActiveCfg = Release|Any CPU
		{A12239E7-D19B-433F-BB2E-C9118A9B9704}.Release|Any CPU.Build.0 = Release|Any CPU
		{533ACD48-52A4-4EFF-9922-DC7130CD2BB2}.Debug|Any CPU.ActiveCfg = Debug|Any CPU
		{533ACD48-52A4-4EFF-9922-DC7130CD2BB2}.Debug|Any CPU.Build.0 = Debug|Any CPU
		{533ACD48-52A4-4EFF-9922-DC7130CD2BB2}.Release|Any CPU.ActiveCfg = Release|Any CPU
		{533ACD48-52A4-4EFF-9922-DC7130CD2BB2}.Release|Any CPU.Build.0 = Release|Any CPU
		{6E59B192-5C40-4B97-BE44-A55B4701BAB7}.Debug|Any CPU.ActiveCfg = Debug|Any CPU
		{6E59B192-5C40-4B97-BE44-A55B4701BAB7}.Debug|Any CPU.Build.0 = Debug|Any CPU
		{6E59B192-5C40-4B97-BE44-A55B4701BAB7}.Release|Any CPU.ActiveCfg = Release|Any CPU
		{6E59B192-5C40-4B97-BE44-A55B4701BAB7}.Release|Any CPU.Build.0 = Release|Any CPU
		{2D48F469-226A-4058-B5AC-6D46D57A0AA7}.Debug|Any CPU.ActiveCfg = Debug|Any CPU
		{2D48F469-226A-4058-B5AC-6D46D57A0AA7}.Debug|Any CPU.Build.0 = Debug|Any CPU
		{2D48F469-226A-4058-B5AC-6D46D57A0AA7}.Release|Any CPU.ActiveCfg = Release|Any CPU
		{2D48F469-226A-4058-B5AC-6D46D57A0AA7}.Release|Any CPU.Build.0 = Release|Any CPU
		{9925CC8A-188A-4485-9360-04CB0AA47FC2}.Debug|Any CPU.ActiveCfg = Debug|Any CPU
		{9925CC8A-188A-4485-9360-04CB0AA47FC2}.Debug|Any CPU.Build.0 = Debug|Any CPU
		{9925CC8A-188A-4485-9360-04CB0AA47FC2}.Release|Any CPU.ActiveCfg = Release|Any CPU
		{9925CC8A-188A-4485-9360-04CB0AA47FC2}.Release|Any CPU.Build.0 = Release|Any CPU
		{EEFAF001-7D26-4E5A-B055-D5978C9B7F9C}.Debug|Any CPU.ActiveCfg = Debug|Any CPU
		{EEFAF001-7D26-4E5A-B055-D5978C9B7F9C}.Debug|Any CPU.Build.0 = Debug|Any CPU
		{EEFAF001-7D26-4E5A-B055-D5978C9B7F9C}.Release|Any CPU.ActiveCfg = Release|Any CPU
		{EEFAF001-7D26-4E5A-B055-D5978C9B7F9C}.Release|Any CPU.Build.0 = Release|Any CPU
		{3D87F9EC-3EC5-488D-928C-D3C37575927C}.Debug|Any CPU.ActiveCfg = Debug|Any CPU
		{3D87F9EC-3EC5-488D-928C-D3C37575927C}.Debug|Any CPU.Build.0 = Debug|Any CPU
		{3D87F9EC-3EC5-488D-928C-D3C37575927C}.Release|Any CPU.ActiveCfg = Release|Any CPU
		{3D87F9EC-3EC5-488D-928C-D3C37575927C}.Release|Any CPU.Build.0 = Release|Any CPU
		{5E8C6BDC-9885-4C80-8B36-B382850DB9EE}.Debug|Any CPU.ActiveCfg = Debug|Any CPU
		{5E8C6BDC-9885-4C80-8B36-B382850DB9EE}.Debug|Any CPU.Build.0 = Debug|Any CPU
		{5E8C6BDC-9885-4C80-8B36-B382850DB9EE}.Release|Any CPU.ActiveCfg = Release|Any CPU
		{5E8C6BDC-9885-4C80-8B36-B382850DB9EE}.Release|Any CPU.Build.0 = Release|Any CPU
		{368FE970-7670-4C34-AD91-36F15A5C426F}.Debug|Any CPU.ActiveCfg = Debug|Any CPU
		{368FE970-7670-4C34-AD91-36F15A5C426F}.Debug|Any CPU.Build.0 = Debug|Any CPU
		{368FE970-7670-4C34-AD91-36F15A5C426F}.Release|Any CPU.ActiveCfg = Release|Any CPU
		{368FE970-7670-4C34-AD91-36F15A5C426F}.Release|Any CPU.Build.0 = Release|Any CPU
		{E2873AB8-4AF2-44A2-AABE-DE8753596DC4}.Debug|Any CPU.ActiveCfg = Debug|Any CPU
		{E2873AB8-4AF2-44A2-AABE-DE8753596DC4}.Debug|Any CPU.Build.0 = Debug|Any CPU
		{E2873AB8-4AF2-44A2-AABE-DE8753596DC4}.Release|Any CPU.ActiveCfg = Release|Any CPU
		{E2873AB8-4AF2-44A2-AABE-DE8753596DC4}.Release|Any CPU.Build.0 = Release|Any CPU
		{78D2F7A0-E5E2-4890-990D-E369C7A0CE19}.Debug|Any CPU.ActiveCfg = Debug|Any CPU
		{78D2F7A0-E5E2-4890-990D-E369C7A0CE19}.Debug|Any CPU.Build.0 = Debug|Any CPU
		{78D2F7A0-E5E2-4890-990D-E369C7A0CE19}.Release|Any CPU.ActiveCfg = Release|Any CPU
		{78D2F7A0-E5E2-4890-990D-E369C7A0CE19}.Release|Any CPU.Build.0 = Release|Any CPU
		{3AED9A5D-070D-47CC-BF71-324B7A2B8392}.Debug|Any CPU.ActiveCfg = Debug|Any CPU
		{3AED9A5D-070D-47CC-BF71-324B7A2B8392}.Debug|Any CPU.Build.0 = Debug|Any CPU
		{3AED9A5D-070D-47CC-BF71-324B7A2B8392}.Release|Any CPU.ActiveCfg = Release|Any CPU
		{3AED9A5D-070D-47CC-BF71-324B7A2B8392}.Release|Any CPU.Build.0 = Release|Any CPU
	EndGlobalSection
	GlobalSection(SolutionProperties) = preSolution
		HideSolutionNode = FALSE
	EndGlobalSection
	GlobalSection(NestedProjects) = preSolution
		{862A507A-6496-43F5-BF1A-FA7671F9BBDB} = {CEAEF12D-F31D-40CF-B385-AE58E3A2D07F}
		{E7248E81-7F2E-413D-98E8-7D5F0F772368} = {862A507A-6496-43F5-BF1A-FA7671F9BBDB}
		{D0037764-73CD-4D3C-AD71-E1719554DC8E} = {FF2AA354-A281-404B-B938-EADB29544401}
		{18F47CA1-64D3-4888-A917-AC9DEE92EE0E} = {7FFB4B13-FD3A-4D51-ADC3-7A0DD4836FB2}
		{07FC106C-E3C2-4E7B-9983-235081649CB7} = {C17E2368-558F-4BA8-8ED9-6B7C10D85C56}
		{6BEC1E30-E794-4E9F-AAC3-0234CF5ACF77} = {862A507A-6496-43F5-BF1A-FA7671F9BBDB}
		{F78BC070-981E-48FB-8223-F0F6F31AD14F} = {FF2AA354-A281-404B-B938-EADB29544401}
		{D953F7E3-A062-4C3B-9E86-58237FA5A58E} = {FF2AA354-A281-404B-B938-EADB29544401}
		{E20EA697-5FDC-4017-90C3-1E6BD1493941} = {7FFB4B13-FD3A-4D51-ADC3-7A0DD4836FB2}
		{426D1A86-3155-48BC-8987-5D21997C1B6D} = {7FFB4B13-FD3A-4D51-ADC3-7A0DD4836FB2}
		{5DDC63B0-80D7-490C-9E76-5C74AC14651B} = {862A507A-6496-43F5-BF1A-FA7671F9BBDB}
		{C32CDC06-91D3-4946-8D27-C874FBB000A9} = {862A507A-6496-43F5-BF1A-FA7671F9BBDB}
		{8D724ACE-F675-4D9F-AD22-B149BFB9A05B} = {862A507A-6496-43F5-BF1A-FA7671F9BBDB}
		{C8B01FCC-21E8-4B38-A21F-AA1E1CB96420} = {C17E2368-558F-4BA8-8ED9-6B7C10D85C56}
		{C6CDE228-416A-47D9-9794-84E8559D1693} = {C17E2368-558F-4BA8-8ED9-6B7C10D85C56}
		{B10D7F47-7C3A-482D-8FF3-AEAE67F29A34} = {7FFB4B13-FD3A-4D51-ADC3-7A0DD4836FB2}
		{AAAEAA46-177C-4682-983C-5FEDBEDA586D} = {862A507A-6496-43F5-BF1A-FA7671F9BBDB}
		{35DE6C32-E1E2-46E1-8135-777413F9CFB0} = {862A507A-6496-43F5-BF1A-FA7671F9BBDB}
		{A12239E7-D19B-433F-BB2E-C9118A9B9704} = {862A507A-6496-43F5-BF1A-FA7671F9BBDB}
		{EED336D5-BAF3-41C7-8B92-E63E1C346F84} = {794BF759-63B6-4C07-A32D-1B67B14D9114}
		{533ACD48-52A4-4EFF-9922-DC7130CD2BB2} = {EED336D5-BAF3-41C7-8B92-E63E1C346F84}
		{6E59B192-5C40-4B97-BE44-A55B4701BAB7} = {862A507A-6496-43F5-BF1A-FA7671F9BBDB}
		{2D48F469-226A-4058-B5AC-6D46D57A0AA7} = {862A507A-6496-43F5-BF1A-FA7671F9BBDB}
		{62DB01E7-DC85-4FCF-A343-0E87818E17E2} = {CEAEF12D-F31D-40CF-B385-AE58E3A2D07F}
		{9925CC8A-188A-4485-9360-04CB0AA47FC2} = {62DB01E7-DC85-4FCF-A343-0E87818E17E2}
		{EEFAF001-7D26-4E5A-B055-D5978C9B7F9C} = {62DB01E7-DC85-4FCF-A343-0E87818E17E2}
		{3D87F9EC-3EC5-488D-928C-D3C37575927C} = {62DB01E7-DC85-4FCF-A343-0E87818E17E2}
		{5E8C6BDC-9885-4C80-8B36-B382850DB9EE} = {924D8105-A8A6-4FCF-9FBB-F02F1308D6FB}
		{924D8105-A8A6-4FCF-9FBB-F02F1308D6FB} = {DCF0871E-454F-4FA7-BF1C-531B9663BEBE}
		{9762A1D8-0D9B-411D-99C3-0AFEF38E7FAF} = {DCF0871E-454F-4FA7-BF1C-531B9663BEBE}
		{368FE970-7670-4C34-AD91-36F15A5C426F} = {924D8105-A8A6-4FCF-9FBB-F02F1308D6FB}
		{E2873AB8-4AF2-44A2-AABE-DE8753596DC4} = {924D8105-A8A6-4FCF-9FBB-F02F1308D6FB}
		{78D2F7A0-E5E2-4890-990D-E369C7A0CE19} = {924D8105-A8A6-4FCF-9FBB-F02F1308D6FB}
		{3AED9A5D-070D-47CC-BF71-324B7A2B8392} = {9762A1D8-0D9B-411D-99C3-0AFEF38E7FAF}
	EndGlobalSection
	GlobalSection(ExtensibilityGlobals) = postSolution
		SolutionGuid = {4AC18E07-8CD0-47DD-83E4-7AF9D0FEE854}
	EndGlobalSection
EndGlobal
